
Microsoft Visual Studio Solution File, Format Version 12.00
# Visual Studio 15
VisualStudioVersion = 15.0.26730.12
MinimumVisualStudioVersion = 10.0.40219.1
Project("{FAE04EC0-301F-11D3-BF4B-00C04F79EFBC}") = "PeNCrawLer 0.1.0", "PeNCrawLer 0.1.0\PeNCrawLer 0.1.0.csproj", "{C85E328A-4879-489F-AC0C-CC7C114D9DB7}"
EndProject
Global
	GlobalSection(SolutionConfigurationPlatforms) = preSolution
		Debug|Any CPU = Debug|Any CPU
		Release|Any CPU = Release|Any CPU
	EndGlobalSection
	GlobalSection(ProjectConfigurationPlatforms) = postSolution
		{C85E328A-4879-489F-AC0C-CC7C114D9DB7}.Debug|Any CPU.ActiveCfg = Debug|Any CPU
		{C85E328A-4879-489F-AC0C-CC7C114D9DB7}.Debug|Any CPU.Build.0 = Debug|Any CPU
		{C85E328A-4879-489F-AC0C-CC7C114D9DB7}.Release|Any CPU.ActiveCfg = Release|Any CPU
		{C85E328A-4879-489F-AC0C-CC7C114D9DB7}.Release|Any CPU.Build.0 = Release|Any CPU
	EndGlobalSection
	GlobalSection(SolutionProperties) = preSolution
		HideSolutionNode = FALSE
	EndGlobalSection
	GlobalSection(ExtensibilityGlobals) = postSolution
		SolutionGuid = {0B42A076-EFA4-4025-B9A0-A5C37EBD7556}
	EndGlobalSection
EndGlobal
